
Microsoft Visual Studio Solution File, Format Version 12.00
# Visual Studio Version 17
VisualStudioVersion = 17.7.34018.315
MinimumVisualStudioVersion = 10.0.40219.1
Project("{FAE04EC0-301F-11D3-BF4B-00C04F79EFBC}") = "Kap 3 Uppgift 3.6", "Kap 3 Uppgift 3.6\Kap 3 Uppgift 3.6.csproj", "{B08EBED3-D84C-416F-9CAA-1922F18C6878}"
EndProject
Global
	GlobalSection(SolutionConfigurationPlatforms) = preSolution
		Debug|Any CPU = Debug|Any CPU
		Release|Any CPU = Release|Any CPU
	EndGlobalSection
	GlobalSection(ProjectConfigurationPlatforms) = postSolution
		{B08EBED3-D84C-416F-9CAA-1922F18C6878}.Debug|Any CPU.ActiveCfg = Debug|Any CPU
		{B08EBED3-D84C-416F-9CAA-1922F18C6878}.Debug|Any CPU.Build.0 = Debug|Any CPU
		{B08EBED3-D84C-416F-9CAA-1922F18C6878}.Release|Any CPU.ActiveCfg = Release|Any CPU
		{B08EBED3-D84C-416F-9CAA-1922F18C6878}.Release|Any CPU.Build.0 = Release|Any CPU
	EndGlobalSection
	GlobalSection(SolutionProperties) = preSolution
		HideSolutionNode = FALSE
	EndGlobalSection
	GlobalSection(ExtensibilityGlobals) = postSolution
		SolutionGuid = {B64820DA-B8C6-45F4-9A3F-B28F8516E110}
	EndGlobalSection
EndGlobal
